# THIS IS AN AUTOGENERATED FILE. DO NOT EDIT THIS FILE DIRECTLY.
# yarn lockfile v1


"@glimmer/env@^0.1.7":
  version "0.1.7"
  resolved "https://registry.yarnpkg.com/@glimmer/env/-/env-0.1.7.tgz#fd2d2b55a9029c6b37a6c935e8c8871ae70dfa07"
  integrity sha1-/S0rVakCnGs3psk16MiHGucN+gc=

"@glimmer/tracking@^1.0.0":
  version "1.0.0"
  resolved "https://registry.yarnpkg.com/@glimmer/tracking/-/tracking-1.0.0.tgz#aba9feeb47c48d5aadc1226b7e8d19e34031a6bc"
  integrity sha512-OuF04ihYD/Rjvf++Rf7MzJVnawMSax/SZXEj4rlsQoMRwtQafgtkWjlFBcbBNQkJ3rev1zzfNN+3mdD2BFIaNg==
  dependencies:
    "@glimmer/env" "^0.1.7"
    "@glimmer/validator" "^0.44.0"

"@glimmer/validator@^0.44.0":
  version "0.44.0"
  resolved "https://registry.yarnpkg.com/@glimmer/validator/-/validator-0.44.0.tgz#03d127097dc9cb23052cdb7fcae59d0a9dca53e1"
  integrity sha512-i01plR0EgFVz69GDrEuFgq1NheIjZcyTy3c7q+w7d096ddPVeVcRzU3LKaqCfovvLJ+6lJx40j45ecycASUUyw==

"js-tokens@^3.0.0 || ^4.0.0":
  version "4.0.0"
  resolved "https://registry.yarnpkg.com/js-tokens/-/js-tokens-4.0.0.tgz#19203fb59991df98e3a287050d4647cdeaf32499"
  integrity sha512-RdJUflcE3cUzKiMqQgsCu06FPu9UdIJO0beYbPhHN4k6apgJtifcoCtT9bcxOpYBtpD2kCM6Sbzg4CausW/PKQ==

loose-envify@^1.4.0:
  version "1.4.0"
  resolved "https://registry.yarnpkg.com/loose-envify/-/loose-envify-1.4.0.tgz#71ee51fa7be4caec1a63839f7e682d8132d30caf"
  integrity sha512-lyuxPGr/Wfhrlem2CL/UcnUc1zcqKAImBDzukY7Y5F/yQiNdko6+fRLevlw1HgMySw7f611UIY408EtxRSoK3Q==
  dependencies:
    js-tokens "^3.0.0 || ^4.0.0"

redux@^4.0.5:
  version "4.0.5"
  resolved "https://registry.yarnpkg.com/redux/-/redux-4.0.5.tgz#4db5de5816e17891de8a80c424232d06f051d93f"
  integrity sha512-VSz1uMAH24DM6MF72vcojpYPtrTUu3ByVWfPL1nPfVRb5mZVTve5GnNCUV53QM/BZ66xfWrm0CTWoM+Xlz8V1w==
  dependencies:
    loose-envify "^1.4.0"
    symbol-observable "^1.2.0"

symbol-observable@^1.2.0:
  version "1.2.0"
  resolved "https://registry.yarnpkg.com/symbol-observable/-/symbol-observable-1.2.0.tgz#c22688aed4eab3cdc2dfeacbb561660560a00804"
  integrity sha512-e900nM8RRtGhlV36KGEU9k65K3mPb1WV70OdjfxlG2EAuM1noi/E/BaW/uMhL7bPEssK8QV57vN3esixjUvcXQ==

typescript@^3.8.3:
  version "3.8.3"
  resolved "https://registry.yarnpkg.com/typescript/-/typescript-3.8.3.tgz#409eb8544ea0335711205869ec458ab109ee1061"
  integrity sha512-MYlEfn5VrLNsgudQTVJeNaQFUAI7DkhnOjdpAp4T+ku1TfQClewlbSuTVHiA+8skNBgaf02TL/kLOvig4y3G8w==
